
Microsoft Visual Studio Solution File, Format Version 12.00
# Visual Studio Version 16
VisualStudioVersion = 16.0.31129.286
MinimumVisualStudioVersion = 10.0.40219.1
Project("{9A19103F-16F7-4668-BE54-9A1E7A4F7556}") = "F-CVRP", "F-CVRP\F-CVRP.csproj", "{58D42E82-46A7-43E1-AB65-2AF3AFC7CDB6}"
EndProject
Global
	GlobalSection(SolutionConfigurationPlatforms) = preSolution
		Debug|Any CPU = Debug|Any CPU
		Release|Any CPU = Release|Any CPU
	EndGlobalSection
	GlobalSection(ProjectConfigurationPlatforms) = postSolution
		{58D42E82-46A7-43E1-AB65-2AF3AFC7CDB6}.Debug|Any CPU.ActiveCfg = Debug|Any CPU
		{58D42E82-46A7-43E1-AB65-2AF3AFC7CDB6}.Debug|Any CPU.Build.0 = Debug|Any CPU
		{58D42E82-46A7-43E1-AB65-2AF3AFC7CDB6}.Release|Any CPU.ActiveCfg = Release|Any CPU
		{58D42E82-46A7-43E1-AB65-2AF3AFC7CDB6}.Release|Any CPU.Build.0 = Release|Any CPU
	EndGlobalSection
	GlobalSection(SolutionProperties) = preSolution
		HideSolutionNode = FALSE
	EndGlobalSection
	GlobalSection(ExtensibilityGlobals) = postSolution
		SolutionGuid = {CDDC958C-AB49-41BA-932A-D0F50461DFCD}
	EndGlobalSection
EndGlobal
